// !$*UTF8*$!
{
	archiveVersion = 1;
	classes = {
	};
	objectVersion = 50;
	objects = {

/* Begin PBXBuildFile section */
		E39D91F92621794400E9445D /* AppDelegate.swift in Sources */ = {isa = PBXBuildFile; fileRef = E39D91F82621794400E9445D /* AppDelegate.swift */; };
		E39D91FB2621794400E9445D /* SceneDelegate.swift in Sources */ = {isa = PBXBuildFile; fileRef = E39D91FA2621794400E9445D /* SceneDelegate.swift */; };
		E39D91FD2621794400E9445D /* ViewController.swift in Sources */ = {isa = PBXBuildFile; fileRef = E39D91FC2621794400E9445D /* ViewController.swift */; };
		E39D92002621794400E9445D /* Main.storyboard in Resources */ = {isa = PBXBuildFile; fileRef = E39D91FE2621794400E9445D /* Main.storyboard */; };
		E39D92022621794500E9445D /* Assets.xcassets in Resources */ = {isa = PBXBuildFile; fileRef = E39D92012621794500E9445D /* Assets.xcassets */; };
		E39D92052621794500E9445D /* LaunchScreen.storyboard in Resources */ = {isa = PBXBuildFile; fileRef = E39D92032621794500E9445D /* LaunchScreen.storyboard */; };
		E39D92142621801A00E9445D /* 05.png in Resources */ = {isa = PBXBuildFile; fileRef = E39D920E2621801A00E9445D /* 05.png */; };
		E39D92152621801A00E9445D /* 02.png in Resources */ = {isa = PBXBuildFile; fileRef = E39D920F2621801A00E9445D /* 02.png */; };
		E39D92162621801A00E9445D /* 03.png in Resources */ = {isa = PBXBuildFile; fileRef = E39D92102621801A00E9445D /* 03.png */; };
		E39D92172621801A00E9445D /* 01.png in Resources */ = {isa = PBXBuildFile; fileRef = E39D92112621801A00E9445D /* 01.png */; };
		E39D92182621801A00E9445D /* 04.png in Resources */ = {isa = PBXBuildFile; fileRef = E39D92122621801A00E9445D /* 04.png */; };
		E39D92192621801A00E9445D /* 06.png in Resources */ = {isa = PBXBuildFile; fileRef = E39D92132621801A00E9445D /* 06.png */; };
/* End PBXBuildFile section */

/* Begin PBXFileReference section */
		E39D91F52621794400E9445D /* PageControl.app */ = {isa = PBXFileReference; explicitFileType = wrapper.application; includeInIndex = 0; path = PageControl.app; sourceTree = BUILT_PRODUCTS_DIR; };
		E39D91F82621794400E9445D /* AppDelegate.swift */ = {isa = PBXFileReference; lastKnownFileType = sourcecode.swift; path = AppDelegate.swift; sourceTree = "<group>"; };
		E39D91FA2621794400E9445D /* SceneDelegate.swift */ = {isa = PBXFileReference; lastKnownFileType = sourcecode.swift; path = SceneDelegate.swift; sourceTree = "<group>"; };
		E39D91FC2621794400E9445D /* ViewController.swift */ = {isa = PBXFileReference; lastKnownFileType = sourcecode.swift; path = ViewController.swift; sourceTree = "<group>"; };
		E39D91FF2621794400E9445D /* Base */ = {isa = PBXFileReference; lastKnownFileType = file.storyboard; name = Base; path = Base.lproj/Main.storyboard; sourceTree = "<group>"; };
		E39D92012621794500E9445D /* Assets.xcassets */ = {isa = PBXFileReference; lastKnownFileType = folder.assetcatalog; path = Assets.xcassets; sourceTree = "<group>"; };
		E39D92042621794500E9445D /* Base */ = {isa = PBXFileReference; lastKnownFileType = file.storyboard; name = Base; path = Base.lproj/LaunchScreen.storyboard; sourceTree = "<group>"; };
		E39D92062621794500E9445D /* Info.plist */ = {isa = PBXFileReference; lastKnownFileType = text.plist.xml; path = Info.plist; sourceTree = "<group>"; };
		E39D920E2621801A00E9445D /* 05.png */ = {isa = PBXFileReference; lastKnownFileType = image.png; path = 05.png; sourceTree = "<group>"; };
		E39D920F2621801A00E9445D /* 02.png */ = {isa = PBXFileReference; lastKnownFileType = image.png; path = 02.png; sourceTree = "<group>"; };
		E39D92102621801A00E9445D /* 03.png */ = {isa = PBXFileReference; lastKnownFileType = image.png; path = 03.png; sourceTree = "<group>"; };
		E39D92112621801A00E9445D /* 01.png */ = {isa = PBXFileReference; lastKnownFileType = image.png; path = 01.png; sourceTree = "<group>"; };
		E39D92122621801A00E9445D /* 04.png */ = {isa = PBXFileReference; lastKnownFileType = image.png; path = 04.png; sourceTree = "<group>"; };
		E39D92132621801A00E9445D /* 06.png */ = {isa = PBXFileReference; lastKnownFileType = image.png; path = 06.png; sourceTree = "<group>"; };
/* End PBXFileReference section */

/* Begin PBXFrameworksBuildPhase section */
		E39D91F22621794400E9445D /* Frameworks */ = {
			isa = PBXFrameworksBuildPhase;
			buildActionMask = 2147483647;
			files = (
			);
			runOnlyForDeploymentPostprocessing = 0;
		};
/* End PBXFrameworksBuildPhase section */

/* Begin PBXGroup section */
		E39D91EC2621794400E9445D = {
			isa = PBXGroup;
			children = (
				E39D91F72621794400E9445D /* PageControl */,
				E39D91F62621794400E9445D /* Products */,
			);
			sourceTree = "<group>";
		};
		E39D91F62621794400E9445D /* Products */ = {
			isa = PBXGroup;
			children = (
				E39D91F52621794400E9445D /* PageControl.app */,
			);
			name = Products;
			sourceTree = "<group>";
		};
		E39D91F72621794400E9445D /* PageControl */ = {
			isa = PBXGroup;
			children = (
				E39D920D26217EF000E9445D /* images */,
				E39D91F82621794400E9445D /* AppDelegate.swift */,
				E39D91FA2621794400E9445D /* SceneDelegate.swift */,
				E39D91FC2621794400E9445D /* ViewController.swift */,
				E39D91FE2621794400E9445D /* Main.storyboard */,
				E39D92012621794500E9445D /* Assets.xcassets */,
				E39D92032621794500E9445D /* LaunchScreen.storyboard */,
				E39D92062621794500E9445D /* Info.plist */,
			);
			path = PageControl;
			sourceTree = "<group>";
		};
		E39D920D26217EF000E9445D /* images */ = {
			isa = PBXGroup;
			children = (
				E39D92112621801A00E9445D /* 01.png */,
				E39D920F2621801A00E9445D /* 02.png */,
				E39D92102621801A00E9445D /* 03.png */,
				E39D92122621801A00E9445D /* 04.png */,
				E39D920E2621801A00E9445D /* 05.png */,
				E39D92132621801A00E9445D /* 06.png */,
			);
			path = images;
			sourceTree = "<group>";
		};
/* End PBXGroup section */

/* Begin PBXNativeTarget section */
		E39D91F42621794400E9445D /* PageControl */ = {
			isa = PBXNativeTarget;
			buildConfigurationList = E39D92092621794500E9445D /* Build configuration list for PBXNativeTarget "PageControl" */;
			buildPhases = (
				E39D91F12621794400E9445D /* Sources */,
				E39D91F22621794400E9445D /* Frameworks */,
				E39D91F32621794400E9445D /* Resources */,
			);
			buildRules = (
			);
			dependencies = (
			);
			name = PageControl;
			productName = PageControl;
			productReference = E39D91F52621794400E9445D /* PageControl.app */;
			productType = "com.apple.product-type.application";
		};
/* End PBXNativeTarget section */

/* Begin PBXProject section */
		E39D91ED2621794400E9445D /* Project object */ = {
			isa = PBXProject;
			attributes = {
				LastSwiftUpdateCheck = 1240;
				LastUpgradeCheck = 1240;
				TargetAttributes = {
					E39D91F42621794400E9445D = {
						CreatedOnToolsVersion = 12.4;
					};
				};
			};
			buildConfigurationList = E39D91F02621794400E9445D /* Build configuration list for PBXProject "PageControl" */;
			compatibilityVersion = "Xcode 9.3";
			developmentRegion = en;
			hasScannedForEncodings = 0;
			knownRegions = (
				en,
				Base,
			);
			mainGroup = E39D91EC2621794400E9445D;
			productRefGroup = E39D91F62621794400E9445D /* Products */;
			projectDirPath = "";
			projectRoot = "";
			targets = (
				E39D91F42621794400E9445D /* PageControl */,
			);
		};
/* End PBXProject section */

/* Begin PBXResourcesBuildPhase section */
		E39D91F32621794400E9445D /* Resources */ = {
			isa = PBXResourcesBuildPhase;
			buildActionMask = 2147483647;
			files = (
				E39D92152621801A00E9445D /* 02.png in Resources */,
				E39D92052621794500E9445D /* LaunchScreen.storyboard in Resources */,
				E39D92022621794500E9445D /* Assets.xcassets in Resources */,
				E39D92142621801A00E9445D /* 05.png in Resources */,
				E39D92192621801A00E9445D /* 06.png in Resources */,
				E39D92162621801A00E9445D /* 03.png in Resources */,
				E39D92182621801A00E9445D /* 04.png in Resources */,
				E39D92002621794400E9445D /* Main.storyboard in Resources */,
				E39D92172621801A00E9445D /* 01.png in Resources */,
			);
			runOnlyForDeploymentPostprocessing = 0;
		};
/* End PBXResourcesBuildPhase section */

/* Begin PBXSourcesBuildPhase section */
		E39D91F12621794400E9445D /* Sources */ = {
			isa = PBXSourcesBuildPhase;
			buildActionMask = 2147483647;
			files = (
				E39D91FD2621794400E9445D /* ViewController.swift in Sources */,
				E39D91F92621794400E9445D /* AppDelegate.swift in Sources */,
				E39D91FB2621794400E9445D /* SceneDelegate.swift in Sources */,
			);
			runOnlyForDeploymentPostprocessing = 0;
		};
/* End PBXSourcesBuildPhase section */

/* Begin PBXVariantGroup section */
		E39D91FE2621794400E9445D /* Main.storyboard */ = {
			isa = PBXVariantGroup;
			children = (
				E39D91FF2621794400E9445D /* Base */,
			);
			name = Main.storyboard;
			sourceTree = "<group>";
		};
		E39D92032621794500E9445D /* LaunchScreen.storyboard */ = {
			isa = PBXVariantGroup;
			children = (
				E39D92042621794500E9445D /* Base */,
			);
			name = LaunchScreen.storyboard;
			sourceTree = "<group>";
		};
/* End PBXVariantGroup section */

/* Begin XCBuildConfiguration section */
		E39D92072621794500E9445D /* Debug */ = {
			isa = XCBuildConfiguration;
			buildSettings = {
				ALWAYS_SEARCH_USER_PATHS = NO;
				CLANG_ANALYZER_NONNULL = YES;
				CLANG_ANALYZER_NUMBER_OBJECT_CONVERSION = YES_AGGRESSIVE;
				CLANG_CXX_LANGUAGE_STANDARD = "gnu++14";
				CLANG_CXX_LIBRARY = "libc++";
				CLANG_ENABLE_MODULES = YES;
				CLANG_ENABLE_OBJC_ARC = YES;
				CLANG_ENABLE_OBJC_WEAK = YES;
				CLANG_WARN_BLOCK_CAPTURE_AUTORELEASING = YES;
				CLANG_WARN_BOOL_CONVERSION = YES;
				CLANG_WARN_COMMA = YES;
				CLANG_WARN_CONSTANT_CONVERSION = YES;
				CLANG_WARN_DEPRECATED_OBJC_IMPLEMENTATIONS = YES;
				CLANG_WARN_DIRECT_OBJC_ISA_USAGE = YES_ERROR;
				CLANG_WARN_DOCUMENTATION_COMMENTS = YES;
				CLANG_WARN_EMPTY_BODY = YES;
				CLANG_WARN_ENUM_CONVERSION = YES;
				CLANG_WARN_INFINITE_RECURSION = YES;
				CLANG_WARN_INT_CONVERSION = YES;
				CLANG_WARN_NON_LITERAL_NULL_CONVERSION = YES;
				CLANG_WARN_OBJC_IMPLICIT_RETAIN_SELF = YES;
				CLANG_WARN_OBJC_LITERAL_CONVERSION = YES;
				CLANG_WARN_OBJC_ROOT_CLASS = YES_ERROR;
				CLANG_WARN_QUOTED_INCLUDE_IN_FRAMEWORK_HEADER = YES;
				CLANG_WARN_RANGE_LOOP_ANALYSIS = YES;
				CLANG_WARN_STRICT_PROTOTYPES = YES;
				CLANG_WARN_SUSPICIOUS_MOVE = YES;
				CLANG_WARN_UNGUARDED_AVAILABILITY = YES_AGGRESSIVE;
				CLANG_WARN_UNREACHABLE_CODE = YES;
				CLANG_WARN__DUPLICATE_METHOD_MATCH = YES;
				COPY_PHASE_STRIP = NO;
				DEBUG_INFORMATION_FORMAT = dwarf;
				ENABLE_STRICT_OBJC_MSGSEND = YES;
				ENABLE_TESTABILITY = YES;
				GCC_C_LANGUAGE_STANDARD = gnu11;
				GCC_DYNAMIC_NO_PIC = NO;
				GCC_NO_COMMON_BLOCKS = YES;
				GCC_OPTIMIZATION_LEVEL = 0;
				GCC_PREPROCESSOR_DEFINITIONS = (
					"DEBUG=1",
					"$(inherited)",
				);
				GCC_WARN_64_TO_32_BIT_CONVERSION = YES;
				GCC_WARN_ABOUT_RETURN_TYPE = YES_ERROR;
				GCC_WARN_UNDECLARED_SELECTOR = YES;
				GCC_WARN_UNINITIALIZED_AUTOS = YES_AGGRESSIVE;
				GCC_WARN_UNUSED_FUNCTION = YES;
				GCC_WARN_UNUSED_VARIABLE = YES;
				IPHONEOS_DEPLOYMENT_TARGET = 14.4;
				MTL_ENABLE_DEBUG_INFO = INCLUDE_SOURCE;
				MTL_FAST_MATH = YES;
				ONLY_ACTIVE_ARCH = YES;
				SDKROOT = iphoneos;
				SWIFT_ACTIVE_COMPILATION_CONDITIONS = DEBUG;
				SWIFT_OPTIMIZATION_LEVEL = "-Onone";
			};
			name = Debug;
		};
		E39D92082621794500E9445D /* Release */ = {
			isa = XCBuildConfiguration;
			buildSettings = {
				ALWAYS_SEARCH_USER_PATHS = NO;
				CLANG_ANALYZER_NONNULL = YES;
				CLANG_ANALYZER_NUMBER_OBJECT_CONVERSION = YES_AGGRESSIVE;
				CLANG_CXX_LANGUAGE_STANDARD = "gnu++14";
				CLANG_CXX_LIBRARY = "libc++";
				CLANG_ENABLE_MODULES = YES;
				CLANG_ENABLE_OBJC_ARC = YES;
				CLANG_ENABLE_OBJC_WEAK = YES;
				CLANG_WARN_BLOCK_CAPTURE_AUTORELEASING = YES;
				CLANG_WARN_BOOL_CONVERSION = YES;
				CLANG_WARN_COMMA = YES;
				CLANG_WARN_CONSTANT_CONVERSION = YES;
				CLANG_WARN_DEPRECATED_OBJC_IMPLEMENTATIONS = YES;
				CLANG_WARN_DIRECT_OBJC_ISA_USAGE = YES_ERROR;
				CLANG_WARN_DOCUMENTATION_COMMENTS = YES;
				CLANG_WARN_EMPTY_BODY = YES;
				CLANG_WARN_ENUM_CONVERSION = YES;
				CLANG_WARN_INFINITE_RECURSION = YES;
				CLANG_WARN_INT_CONVERSION = YES;
				CLANG_WARN_NON_LITERAL_NULL_CONVERSION = YES;
				CLANG_WARN_OBJC_IMPLICIT_RETAIN_SELF = YES;
				CLANG_WARN_OBJC_LITERAL_CONVERSION = YES;
				CLANG_WARN_OBJC_ROOT_CLASS = YES_ERROR;
				CLANG_WARN_QUOTED_INCLUDE_IN_FRAMEWORK_HEADER = YES;
				CLANG_WARN_RANGE_LOOP_ANALYSIS = YES;
				CLANG_WARN_STRICT_PROTOTYPES = YES;
				CLANG_WARN_SUSPICIOUS_MOVE = YES;
				CLANG_WARN_UNGUARDED_AVAILABILITY = YES_AGGRESSIVE;
				CLANG_WARN_UNREACHABLE_CODE = YES;
				CLANG_WARN__DUPLICATE_METHOD_MATCH = YES;
				COPY_PHASE_STRIP = NO;
				DEBUG_INFORMATION_FORMAT = "dwarf-with-dsym";
				ENABLE_NS_ASSERTIONS = NO;
				ENABLE_STRICT_OBJC_MSGSEND = YES;
				GCC_C_LANGUAGE_STANDARD = gnu11;
				GCC_NO_COMMON_BLOCKS = YES;
				GCC_WARN_64_TO_32_BIT_CONVERSION = YES;
				GCC_WARN_ABOUT_RETURN_TYPE = YES_ERROR;
				GCC_WARN_UNDECLARED_SELECTOR = YES;
				GCC_WARN_UNINITIALIZED_AUTOS = YES_AGGRESSIVE;
				GCC_WARN_UNUSED_FUNCTION = YES;
				GCC_WARN_UNUSED_VARIABLE = YES;
				IPHONEOS_DEPLOYMENT_TARGET = 14.4;
				MTL_ENABLE_DEBUG_INFO = NO;
				MTL_FAST_MATH = YES;
				SDKROOT = iphoneos;
				SWIFT_COMPILATION_MODE = wholemodule;
				SWIFT_OPTIMIZATION_LEVEL = "-O";
				VALIDATE_PRODUCT = YES;
			};
			name = Release;
		};
		E39D920A2621794500E9445D /* Debug */ = {
			isa = XCBuildConfiguration;
			buildSettings = {
				ASSETCATALOG_COMPILER_APPICON_NAME = AppIcon;
				ASSETCATALOG_COMPILER_GLOBAL_ACCENT_COLOR_NAME = AccentColor;
				CODE_SIGN_STYLE = Automatic;
				INFOPLIST_FILE = PageControl/Info.plist;
				LD_RUNPATH_SEARCH_PATHS = (
					"$(inherited)",
					"@executable_path/Frameworks",
				);
				PRODUCT_BUNDLE_IDENTIFIER = com.hoshogi.PageControl;
				PRODUCT_NAME = "$(TARGET_NAME)";
				SWIFT_VERSION = 5.0;
				TARGETED_DEVICE_FAMILY = "1,2";
			};
			name = Debug;
		};
		E39D920B2621794500E9445D /* Release */ = {
			isa = XCBuildConfiguration;
			buildSettings = {
				ASSETCATALOG_COMPILER_APPICON_NAME = AppIcon;
				ASSETCATALOG_COMPILER_GLOBAL_ACCENT_COLOR_NAME = AccentColor;
				CODE_SIGN_STYLE = Automatic;
				INFOPLIST_FILE = PageControl/Info.plist;
				LD_RUNPATH_SEARCH_PATHS = (
					"$(inherited)",
					"@executable_path/Frameworks",
				);
				PRODUCT_BUNDLE_IDENTIFIER = com.hoshogi.PageControl;
				PRODUCT_NAME = "$(TARGET_NAME)";
				SWIFT_VERSION = 5.0;
				TARGETED_DEVICE_FAMILY = "1,2";
			};
			name = Release;
		};
/* End XCBuildConfiguration section */

/* Begin XCConfigurationList section */
		E39D91F02621794400E9445D /* Build configuration list for PBXProject "PageControl" */ = {
			isa = XCConfigurationList;
			buildConfigurations = (
				E39D92072621794500E9445D /* Debug */,
				E39D92082621794500E9445D /* Release */,
			);
			defaultConfigurationIsVisible = 0;
			defaultConfigurationName = Release;
		};
		E39D92092621794500E9445D /* Build configuration list for PBXNativeTarget "PageControl" */ = {
			isa = XCConfigurationList;
			buildConfigurations = (
				E39D920A2621794500E9445D /* Debug */,
				E39D920B2621794500E9445D /* Release */,
			);
			defaultConfigurationIsVisible = 0;
			defaultConfigurationName = Release;
		};
/* End XCConfigurationList section */
	};
	rootObject = E39D91ED2621794400E9445D /* Project object */;
}
